hash: f226e644a3c0e8321075b40437dfbcc818d038cd0015f4e6ebc13ab70ad49fac
updated: 2018-03-14T23:13:58.221537375+01:00
imports:
- name: github.com/confio/weave
  version: 2cc298170d5698049a46a889d10dd582a88ada56
  subpackages:
  - app
  - commands
  - commands/server
  - crypto
  - errors
  - orm
  - store
  - store/iavl
  - x
  - x/cash
  - x/sigs
  - x/utils
- name: github.com/go-kit/kit
  version: 4dc7be5d2d12881735283bcab7352178e190fc71
  subpackages:
  - log
  - log/level
  - log/term
- name: github.com/go-logfmt/logfmt
  version: 390ab7935ee28ec6b286364bba9b4dd6410cb3d5
- name: github.com/go-stack/stack
  version: 259ab82a6cad3992b4e21ff5cac294ccb06474bc
- name: github.com/gogo/protobuf
  version: 1adfc126b41513cc696b209667c8656ea7aac67c
  subpackages:
  - gogoproto
  - jsonpb
  - proto
  - protoc-gen-gogo/descriptor
  - protoc-gen-gogofaster
  - sortkeys
  - types
- name: github.com/golang/protobuf
  version: bbd03ef6da3a115852eaf24c8a1c46aeb39aa175
  subpackages:
  - proto
  - ptypes
  - ptypes/any
  - ptypes/duration
  - ptypes/timestamp
- name: github.com/golang/snappy
  version: 553a641470496b2327abcac10b36396bd98e45c9
- name: github.com/google/btree
  version: 316fb6d3f031ae8f4d457c6c5186b9e3ded70435
- name: github.com/jmhodges/levigo
  version: c42d9e0ca023e2198120196f842701bb4c55d7b9
- name: github.com/kr/logfmt
  version: b84e30acd515aadc4b783ad4ff83aff3299bdfe0
- name: github.com/pkg/errors
  version: 645ef00459ed84a119197bfb8d8205042c6df63d
- name: github.com/syndtr/goleveldb
  version: 34011bf325bce385408353a30b101fe5e923eb6e
  subpackages:
  - leveldb
  - leveldb/cache
  - leveldb/comparer
  - leveldb/errors
  - leveldb/filter
  - leveldb/iterator
  - leveldb/journal
  - leveldb/memdb
  - leveldb/opt
  - leveldb/storage
  - leveldb/table
  - leveldb/util
- name: github.com/tendermint/abci
  version: 68592f4d8ee34e97db94b7a7976b1309efdb7eb9
  subpackages:
  - server
  - types
- name: github.com/tendermint/go-wire
  version: b6fc872b42d41158a60307db4da051dd6f179415
  subpackages:
  - data
- name: github.com/tendermint/iavl
  version: 669ff61054a14c4542dbd657ab438800d5630e45
- name: github.com/tendermint/tmlibs
  version: 1b9b5652a199ab0be2e781393fb275b66377309d
  subpackages:
  - common
  - db
  - log
- name: golang.org/x/crypto
  version: 13931e22f9e72ea58bb73048bc752b48c6d4d4ac
  subpackages:
  - ed25519
  - ed25519/internal/edwards25519
  - ripemd160
- name: golang.org/x/net
  version: 803fdb99c0f72e493c28ef2099d250a9c989d8ff
  subpackages:
  - context
  - http2
  - http2/hpack
  - idna
  - internal/timeseries
  - lex/httplex
  - trace
- name: golang.org/x/text
  version: b7ef84aaf62aa3e70962625c80a571ae7c17cb40
  subpackages:
  - secure/bidirule
  - transform
  - unicode/bidi
  - unicode/norm
- name: google.golang.org/genproto
  version: df60624c1e9b9d2973e889c7a1cff73155da81c4
  subpackages:
  - googleapis/rpc/status
- name: google.golang.org/grpc
  version: 401e0e00e4bb830a10496d64cd95e068c5bf50de
  subpackages:
  - balancer
  - codes
  - connectivity
  - credentials
  - grpclb/grpc_lb_v1/messages
  - grpclog
  - internal
  - keepalive
  - metadata
  - naming
  - peer
  - resolver
  - stats
  - status
  - tap
  - transport
testImports:
- name: github.com/davecgh/go-spew
  version: ecdeabc65495df2dec95d7c4a4c3e021903035e5
  subpackages:
  - spew
- name: github.com/pmezard/go-difflib
  version: 792786c7400a136282c1664665ae0a8db921c6c2
  subpackages:
  - difflib
- name: github.com/stretchr/testify
  version: 12b6f73e6084dad08a7c6e575284b177ecafbc71
  subpackages:
  - assert
  - require
